
Microsoft Visual Studio Solution File, Format Version 12.00
# Visual Studio Version 16
VisualStudioVersion = 16.0.28729.10
MinimumVisualStudioVersion = 10.0.40219.1
Project("{FAE04EC0-301F-11D3-BF4B-00C04F79EFBC}") = "Focus app", "Focus app\Focus app.csproj", "{924BA525-15F8-4ABC-9C6C-92BA89F8E086}"
EndProject
Global
	GlobalSection(SolutionConfigurationPlatforms) = preSolution
		Debug|Any CPU = Debug|Any CPU
		Release|Any CPU = Release|Any CPU
	EndGlobalSection
	GlobalSection(ProjectConfigurationPlatforms) = postSolution
		{924BA525-15F8-4ABC-9C6C-92BA89F8E086}.Debug|Any CPU.ActiveCfg = Debug|Any CPU
		{924BA525-15F8-4ABC-9C6C-92BA89F8E086}.Debug|Any CPU.Build.0 = Debug|Any CPU
		{924BA525-15F8-4ABC-9C6C-92BA89F8E086}.Release|Any CPU.ActiveCfg = Release|Any CPU
		{924BA525-15F8-4ABC-9C6C-92BA89F8E086}.Release|Any CPU.Build.0 = Release|Any CPU
	EndGlobalSection
	GlobalSection(SolutionProperties) = preSolution
		HideSolutionNode = FALSE
	EndGlobalSection
	GlobalSection(ExtensibilityGlobals) = postSolution
		SolutionGuid = {712BA4E2-2CC3-474D-87E0-5FF5A1B9EA8B}
	EndGlobalSection
EndGlobal
